// !$*UTF8*$!
{
	archiveVersion = 1;
	classes = {
	};
	objectVersion = 46;
	objects = {

/* Begin PBXBuildFile section */
		302CC1D620BF8BC500334848 /* libsmartlinklib_7x.a in Frameworks */ = {isa = PBXBuildFile; fileRef = 302CC1D520BF8BC400334848 /* libsmartlinklib_7x.a */; };
		D0018AA61C0693F100DCE703 /* main.m in Sources */ = {isa = PBXBuildFile; fileRef = D0018AA51C0693F100DCE703 /* main.m */; };
		D0018AA91C0693F100DCE703 /* AppDelegate.m in Sources */ = {isa = PBXBuildFile; fileRef = D0018AA81C0693F100DCE703 /* AppDelegate.m */; };
		D0018AAC1C0693F100DCE703 /* ViewController.m in Sources */ = {isa = PBXBuildFile; fileRef = D0018AAB1C0693F100DCE703 /* ViewController.m */; };
		D0018AAF1C0693F100DCE703 /* Main.storyboard in Resources */ = {isa = PBXBuildFile; fileRef = D0018AAD1C0693F100DCE703 /* Main.storyboard */; };
		D0018AB41C0693F100DCE703 /* LaunchScreen.storyboard in Resources */ = {isa = PBXBuildFile; fileRef = D0018AB21C0693F100DCE703 /* LaunchScreen.storyboard */; };
		D0018ABF1C0693F100DCE703 /* DemoTests.m in Sources */ = {isa = PBXBuildFile; fileRef = D0018ABE1C0693F100DCE703 /* DemoTests.m */; };
		D0018ACA1C0693F100DCE703 /* DemoUITests.m in Sources */ = {isa = PBXBuildFile; fileRef = D0018AC91C0693F100DCE703 /* DemoUITests.m */; };
		D073D4E61D0E68500002AD10 /* Assets.xcassets in Resources */ = {isa = PBXBuildFile; fileRef = D073D4E51D0E68500002AD10 /* Assets.xcassets */; };
		D0D73D111C97DE28001EB28E /* pic3.png in Resources */ = {isa = PBXBuildFile; fileRef = D0D73D101C97DE28001EB28E /* pic3.png */; };
		D0D984331D0E5680008AC554 /* pic_120X120.png in Resources */ = {isa = PBXBuildFile; fileRef = D0018AB01C0693F100DCE703 /* pic_120X120.png */; };
/* End PBXBuildFile section */

/* Begin PBXContainerItemProxy section */
		D0018ABB1C0693F100DCE703 /* PBXContainerItemProxy */ = {
			isa = PBXContainerItemProxy;
			containerPortal = D0018A991C0693F100DCE703 /* Project object */;
			proxyType = 1;
			remoteGlobalIDString = D0018AA01C0693F100DCE703;
			remoteInfo = Demo;
		};
		D0018AC61C0693F100DCE703 /* PBXContainerItemProxy */ = {
			isa = PBXContainerItemProxy;
			containerPortal = D0018A991C0693F100DCE703 /* Project object */;
			proxyType = 1;
			remoteGlobalIDString = D0018AA01C0693F100DCE703;
			remoteInfo = Demo;
		};
/* End PBXContainerItemProxy section */

/* Begin PBXFileReference section */
		302CC1D520BF8BC400334848 /* libsmartlinklib_7x.a */ = {isa = PBXFileReference; lastKnownFileType = archive.ar; name = libsmartlinklib_7x.a; path = "../../../../Library/Developer/Xcode/DerivedData/smartLink_V7.1-eagrbghgdzirlqcjynlwcylufzzd/Build/Products/Debug-iphoneos/libsmartlinklib_7x.a"; sourceTree = "<group>"; };
		D0018AA11C0693F100DCE703 /* Demo.app */ = {isa = PBXFileReference; explicitFileType = wrapper.application; includeInIndex = 0; path = Demo.app; sourceTree = BUILT_PRODUCTS_DIR; };
		D0018AA51C0693F100DCE703 /* main.m */ = {isa = PBXFileReference; lastKnownFileType = sourcecode.c.objc; path = main.m; sourceTree = "<group>"; };
		D0018AA71C0693F100DCE703 /* AppDelegate.h */ = {isa = PBXFileReference; lastKnownFileType = sourcecode.c.h; path = AppDelegate.h; sourceTree = "<group>"; };
		D0018AA81C0693F100DCE703 /* AppDelegate.m */ = {isa = PBXFileReference; lastKnownFileType = sourcecode.c.objc; path = AppDelegate.m; sourceTree = "<group>"; };
		D0018AAA1C0693F100DCE703 /* ViewController.h */ = {isa = PBXFileReference; lastKnownFileType = sourcecode.c.h; path = ViewController.h; sourceTree = "<group>"; };
		D0018AAB1C0693F100DCE703 /* ViewController.m */ = {isa = PBXFileReference; lastKnownFileType = sourcecode.c.objc; path = ViewController.m; sourceTree = "<group>"; };
		D0018AAE1C0693F100DCE703 /* Base */ = {isa = PBXFileReference; lastKnownFileType = file.storyboard; name = Base; path = Base.lproj/Main.storyboard; sourceTree = "<group>"; };
		D0018AB01C0693F100DCE703 /* pic_120X120.png */ = {isa = PBXFileReference; lastKnownFileType = image.png; name = pic_120X120.png; path = ../pic_120X120.png; sourceTree = "<group>"; };
		D0018AB31C0693F100DCE703 /* Base */ = {isa = PBXFileReference; lastKnownFileType = file.storyboard; name = Base; path = Base.lproj/LaunchScreen.storyboard; sourceTree = "<group>"; };
		D0018AB51C0693F100DCE703 /* Info.plist */ = {isa = PBXFileReference; lastKnownFileType = text.plist.xml; path = Info.plist; sourceTree = "<group>"; };
		D0018ABA1C0693F100DCE703 /* Demo.xctest */ = {isa = PBXFileReference; explicitFileType = wrapper.cfbundle; includeInIndex = 0; path = Demo.xctest; sourceTree = BUILT_PRODUCTS_DIR; };
		D0018ABE1C0693F100DCE703 /* DemoTests.m */ = {isa = PBXFileReference; lastKnownFileType = sourcecode.c.objc; path = DemoTests.m; sourceTree = "<group>"; };
		D0018AC01C0693F100DCE703 /* Info.plist */ = {isa = PBXFileReference; lastKnownFileType = text.plist.xml; path = Info.plist; sourceTree = "<group>"; };
		D0018AC51C0693F100DCE703 /* Demo.xctest */ = {isa = PBXFileReference; explicitFileType = wrapper.cfbundle; includeInIndex = 0; path = Demo.xctest; sourceTree = BUILT_PRODUCTS_DIR; };
		D0018AC91C0693F100DCE703 /* DemoUITests.m */ = {isa = PBXFileReference; lastKnownFileType = sourcecode.c.objc; path = DemoUITests.m; sourceTree = "<group>"; };
		D0018ACB1C0693F100DCE703 /* Info.plist */ = {isa = PBXFileReference; lastKnownFileType = text.plist.xml; path = Info.plist; sourceTree = "<group>"; };
		D073D4E51D0E68500002AD10 /* Assets.xcassets */ = {isa = PBXFileReference; lastKnownFileType = folder.assetcatalog; path = Assets.xcassets; sourceTree = "<group>"; };
		D0899E5B1CEFF1AB0029BF06 /* HFSmartLink.h */ = {isa = PBXFileReference; lastKnownFileType = sourcecode.c.h; name = HFSmartLink.h; path = ../../smartlinklib_7x/SmartLinkLib/HFSmartLink.h; sourceTree = "<group>"; };
		D0899E5C1CEFF1B30029BF06 /* HFSmartLinkDeviceInfo.h */ = {isa = PBXFileReference; lastKnownFileType = sourcecode.c.h; name = HFSmartLinkDeviceInfo.h; path = ../../smartlinklib_7x/SmartLinkLib/HFSmartLinkDeviceInfo.h; sourceTree = "<group>"; };
		D0D73D101C97DE28001EB28E /* pic3.png */ = {isa = PBXFileReference; lastKnownFileType = image.png; path = pic3.png; sourceTree = SOURCE_ROOT; };
/* End PBXFileReference section */

/* Begin PBXFrameworksBuildPhase section */
		D0018A9E1C0693F100DCE703 /* Frameworks */ = {
			isa = PBXFrameworksBuildPhase;
			buildActionMask = 2147483647;
			files = (
				302CC1D620BF8BC500334848 /* libsmartlinklib_7x.a in Frameworks */,
			);
			runOnlyForDeploymentPostprocessing = 0;
		};
		D0018AB71C0693F100DCE703 /* Frameworks */ = {
			isa = PBXFrameworksBuildPhase;
			buildActionMask = 2147483647;
			files = (
			);
			runOnlyForDeploymentPostprocessing = 0;
		};
		D0018AC21C0693F100DCE703 /* Frameworks */ = {
			isa = PBXFrameworksBuildPhase;
			buildActionMask = 2147483647;
			files = (
			);
			runOnlyForDeploymentPostprocessing = 0;
		};
/* End PBXFrameworksBuildPhase section */

/* Begin PBXGroup section */
		D0018A981C0693F100DCE703 = {
			isa = PBXGroup;
			children = (
				D0018AA31C0693F100DCE703 /* Demo */,
				D0018ABD1C0693F100DCE703 /* DemoTests */,
				D0018AC81C0693F100DCE703 /* DemoUITests */,
				D0018AA21C0693F100DCE703 /* Products */,
			);
			sourceTree = "<group>";
		};
		D0018AA21C0693F100DCE703 /* Products */ = {
			isa = PBXGroup;
			children = (
				D0018AA11C0693F100DCE703 /* Demo.app */,
				D0018ABA1C0693F100DCE703 /* Demo.xctest */,
				D0018AC51C0693F100DCE703 /* Demo.xctest */,
			);
			name = Products;
			sourceTree = "<group>";
		};
		D0018AA31C0693F100DCE703 /* Demo */ = {
			isa = PBXGroup;
			children = (
				D073D4E51D0E68500002AD10 /* Assets.xcassets */,
				302CC1D520BF8BC400334848 /* libsmartlinklib_7x.a */,
				D0899E5B1CEFF1AB0029BF06 /* HFSmartLink.h */,
				D0899E5C1CEFF1B30029BF06 /* HFSmartLinkDeviceInfo.h */,
				D0018AA71C0693F100DCE703 /* AppDelegate.h */,
				D0018AA81C0693F100DCE703 /* AppDelegate.m */,
				D0018AAA1C0693F100DCE703 /* ViewController.h */,
				D0018AAB1C0693F100DCE703 /* ViewController.m */,
				D0018AAD1C0693F100DCE703 /* Main.storyboard */,
				D0018AB01C0693F100DCE703 /* pic_120X120.png */,
				D0018AB21C0693F100DCE703 /* LaunchScreen.storyboard */,
				D0018AB51C0693F100DCE703 /* Info.plist */,
				D0018AA41C0693F100DCE703 /* Supporting Files */,
			);
			path = Demo;
			sourceTree = "<group>";
		};
		D0018AA41C0693F100DCE703 /* Supporting Files */ = {
			isa = PBXGroup;
			children = (
				D0D73D101C97DE28001EB28E /* pic3.png */,
				D0018AA51C0693F100DCE703 /* main.m */,
			);
			name = "Supporting Files";
			sourceTree = "<group>";
		};
		D0018ABD1C0693F100DCE703 /* DemoTests */ = {
			isa = PBXGroup;
			children = (
				D0018ABE1C0693F100DCE703 /* DemoTests.m */,
				D0018AC01C0693F100DCE703 /* Info.plist */,
			);
			path = DemoTests;
			sourceTree = "<group>";
		};
		D0018AC81C0693F100DCE703 /* DemoUITests */ = {
			isa = PBXGroup;
			children = (
				D0018AC91C0693F100DCE703 /* DemoUITests.m */,
				D0018ACB1C0693F100DCE703 /* Info.plist */,
			);
			path = DemoUITests;
			sourceTree = "<group>";
		};
/* End PBXGroup section */

/* Begin PBXNativeTarget section */
		D0018AA01C0693F100DCE703 /* Demo */ = {
			isa = PBXNativeTarget;
			buildConfigurationList = D0018ACE1C0693F100DCE703 /* Build configuration list for PBXNativeTarget "Demo" */;
			buildPhases = (
				D0018A9D1C0693F100DCE703 /* Sources */,
				D0018A9E1C0693F100DCE703 /* Frameworks */,
				D0018A9F1C0693F100DCE703 /* Resources */,
			);
			buildRules = (
			);
			dependencies = (
			);
			name = Demo;
			productName = Demo;
			productReference = D0018AA11C0693F100DCE703 /* Demo.app */;
			productType = "com.apple.product-type.application";
		};
		D0018AB91C0693F100DCE703 /* DemoTests */ = {
			isa = PBXNativeTarget;
			buildConfigurationList = D0018AD11C0693F100DCE703 /* Build configuration list for PBXNativeTarget "DemoTests" */;
			buildPhases = (
				D0018AB61C0693F100DCE703 /* Sources */,
				D0018AB71C0693F100DCE703 /* Frameworks */,
				D0018AB81C0693F100DCE703 /* Resources */,
			);
			buildRules = (
			);
			dependencies = (
				D0018ABC1C0693F100DCE703 /* PBXTargetDependency */,
			);
			name = DemoTests;
			productName = DemoTests;
			productReference = D0018ABA1C0693F100DCE703 /* Demo.xctest */;
			productType = "com.apple.product-type.bundle.unit-test";
		};
		D0018AC41C0693F100DCE703 /* DemoUITests */ = {
			isa = PBXNativeTarget;
			buildConfigurationList = D0018AD41C0693F100DCE703 /* Build configuration list for PBXNativeTarget "DemoUITests" */;
			buildPhases = (
				D0018AC11C0693F100DCE703 /* Sources */,
				D0018AC21C0693F100DCE703 /* Frameworks */,
				D0018AC31C0693F100DCE703 /* Resources */,
			);
			buildRules = (
			);
			dependencies = (
				D0018AC71C0693F100DCE703 /* PBXTargetDependency */,
			);
			name = DemoUITests;
			productName = DemoUITests;
			productReference = D0018AC51C0693F100DCE703 /* Demo.xctest */;
			productType = "com.apple.product-type.bundle.ui-testing";
		};
/* End PBXNativeTarget section */

/* Begin PBXProject section */
		D0018A991C0693F100DCE703 /* Project object */ = {
			isa = PBXProject;
			attributes = {
				LastUpgradeCheck = 0940;
				ORGANIZATIONNAME = Peter;
				TargetAttributes = {
					D0018AA01C0693F100DCE703 = {
						CreatedOnToolsVersion = 7.1.1;
						DevelopmentTeam = 5S3JT4N839;
						ProvisioningStyle = Manual;
					};
					D0018AB91C0693F100DCE703 = {
						CreatedOnToolsVersion = 7.1.1;
						TestTargetID = D0018AA01C0693F100DCE703;
					};
					D0018AC41C0693F100DCE703 = {
						CreatedOnToolsVersion = 7.1.1;
						TestTargetID = D0018AA01C0693F100DCE703;
					};
				};
			};
			buildConfigurationList = D0018A9C1C0693F100DCE703 /* Build configuration list for PBXProject "Demo" */;
			compatibilityVersion = "Xcode 3.2";
			developmentRegion = English;
			hasScannedForEncodings = 0;
			knownRegions = (
				en,
				Base,
			);
			mainGroup = D0018A981C0693F100DCE703;
			productRefGroup = D0018AA21C0693F100DCE703 /* Products */;
			projectDirPath = "";
			projectRoot = "";
			targets = (
				D0018AA01C0693F100DCE703 /* Demo */,
				D0018AB91C0693F100DCE703 /* DemoTests */,
				D0018AC41C0693F100DCE703 /* DemoUITests */,
			);
		};
/* End PBXProject section */

/* Begin PBXResourcesBuildPhase section */
		D0018A9F1C0693F100DCE703 /* Resources */ = {
			isa = PBXResourcesBuildPhase;
			buildActionMask = 2147483647;
			files = (
				D0018AB41C0693F100DCE703 /* LaunchScreen.storyboard in Resources */,
				D0D73D111C97DE28001EB28E /* pic3.png in Resources */,
				D0018AAF1C0693F100DCE703 /* Main.storyboard in Resources */,
				D073D4E61D0E68500002AD10 /* Assets.xcassets in Resources */,
				D0D984331D0E5680008AC554 /* pic_120X120.png in Resources */,
			);
			runOnlyForDeploymentPostprocessing = 0;
		};
		D0018AB81C0693F100DCE703 /* Resources */ = {
			isa = PBXResourcesBuildPhase;
			buildActionMask = 2147483647;
			files = (
			);
			runOnlyForDeploymentPostprocessing = 0;
		};
		D0018AC31C0693F100DCE703 /* Resources */ = {
			isa = PBXResourcesBuildPhase;
			buildActionMask = 2147483647;
			files = (
			);
			runOnlyForDeploymentPostprocessing = 0;
		};
/* End PBXResourcesBuildPhase section */

/* Begin PBXSourcesBuildPhase section */
		D0018A9D1C0693F100DCE703 /* Sources */ = {
			isa = PBXSourcesBuildPhase;
			buildActionMask = 2147483647;
			files = (
				D0018AAC1C0693F100DCE703 /* ViewController.m in Sources */,
				D0018AA91C0693F100DCE703 /* AppDelegate.m in Sources */,
				D0018AA61C0693F100DCE703 /* main.m in Sources */,
			);
			runOnlyForDeploymentPostprocessing = 0;
		};
		D0018AB61C0693F100DCE703 /* Sources */ = {
			isa = PBXSourcesBuildPhase;
			buildActionMask = 2147483647;
			files = (
				D0018ABF1C0693F100DCE703 /* DemoTests.m in Sources */,
			);
			runOnlyForDeploymentPostprocessing = 0;
		};
		D0018AC11C0693F100DCE703 /* Sources */ = {
			isa = PBXSourcesBuildPhase;
			buildActionMask = 2147483647;
			files = (
				D0018ACA1C0693F100DCE703 /* DemoUITests.m in Sources */,
			);
			runOnlyForDeploymentPostprocessing = 0;
		};
/* End PBXSourcesBuildPhase section */

/* Begin PBXTargetDependency section */
		D0018ABC1C0693F100DCE703 /* PBXTargetDependency */ = {
			isa = PBXTargetDependency;
			target = D0018AA01C0693F100DCE703 /* Demo */;
			targetProxy = D0018ABB1C0693F100DCE703 /* PBXContainerItemProxy */;
		};
		D0018AC71C0693F100DCE703 /* PBXTargetDependency */ = {
			isa = PBXTargetDependency;
			target = D0018AA01C0693F100DCE703 /* Demo */;
			targetProxy = D0018AC61C0693F100DCE703 /* PBXContainerItemProxy */;
		};
/* End PBXTargetDependency section */

/* Begin PBXVariantGroup section */
		D0018AAD1C0693F100DCE703 /* Main.storyboard */ = {
			isa = PBXVariantGroup;
			children = (
				D0018AAE1C0693F100DCE703 /* Base */,
			);
			name = Main.storyboard;
			sourceTree = "<group>";
		};
		D0018AB21C0693F100DCE703 /* LaunchScreen.storyboard */ = {
			isa = PBXVariantGroup;
			children = (
				D0018AB31C0693F100DCE703 /* Base */,
			);
			name = LaunchScreen.storyboard;
			sourceTree = "<group>";
		};
/* End PBXVariantGroup section */

/* Begin XCBuildConfiguration section */
		D0018ACC1C0693F100DCE703 /* Debug */ = {
			isa = XCBuildConfiguration;
			buildSettings = {
				ALWAYS_SEARCH_USER_PATHS = NO;
				CLANG_CXX_LANGUAGE_STANDARD = "gnu++0x";
				CLANG_CXX_LIBRARY = "libc++";
				CLANG_ENABLE_MODULES = YES;
				CLANG_ENABLE_OBJC_ARC = YES;
				CLANG_WARN_BLOCK_CAPTURE_AUTORELEASING = YES;
				CLANG_WARN_BOOL_CONVERSION = YES;
				CLANG_WARN_COMMA = YES;
				CLANG_WARN_CONSTANT_CONVERSION = YES;
				CLANG_WARN_DEPRECATED_OBJC_IMPLEMENTATIONS = YES;
				CLANG_WARN_DIRECT_OBJC_ISA_USAGE = YES_ERROR;
				CLANG_WARN_EMPTY_BODY = YES;
				CLANG_WARN_ENUM_CONVERSION = YES;
				CLANG_WARN_INFINITE_RECURSION = YES;
				CLANG_WARN_INT_CONVERSION = YES;
				CLANG_WARN_NON_LITERAL_NULL_CONVERSION = YES;
				CLANG_WARN_OBJC_IMPLICIT_RETAIN_SELF = YES;
				CLANG_WARN_OBJC_LITERAL_CONVERSION = YES;
				CLANG_WARN_OBJC_ROOT_CLASS = YES_ERROR;
				CLANG_WARN_RANGE_LOOP_ANALYSIS = YES;
				CLANG_WARN_STRICT_PROTOTYPES = YES;
				CLANG_WARN_SUSPICIOUS_MOVE = YES;
				CLANG_WARN_UNREACHABLE_CODE = YES;
				CLANG_WARN__DUPLICATE_METHOD_MATCH = YES;
				CODE_SIGN_IDENTITY = "iPhone Distribution: High-Flying Electronics Technology Co.,Ltd";
				"CODE_SIGN_IDENTITY[sdk=iphoneos*]" = "iPhone Distribution: High-Flying Electronics Technology Co.,Ltd";
				COPY_PHASE_STRIP = NO;
				DEBUG_INFORMATION_FORMAT = dwarf;
				ENABLE_STRICT_OBJC_MSGSEND = YES;
				ENABLE_TESTABILITY = YES;
				GCC_C_LANGUAGE_STANDARD = gnu99;
				GCC_DYNAMIC_NO_PIC = NO;
				GCC_NO_COMMON_BLOCKS = YES;
				GCC_OPTIMIZATION_LEVEL = 0;
				GCC_PREPROCESSOR_DEFINITIONS = (
					"DEBUG=1",
					"$(inherited)",
				);
				GCC_WARN_64_TO_32_BIT_CONVERSION = YES;
				GCC_WARN_ABOUT_RETURN_TYPE = YES_ERROR;
				GCC_WARN_UNDECLARED_SELECTOR = YES;
				GCC_WARN_UNINITIALIZED_AUTOS = YES_AGGRESSIVE;
				GCC_WARN_UNUSED_FUNCTION = YES;
				GCC_WARN_UNUSED_VARIABLE = YES;
				IPHONEOS_DEPLOYMENT_TARGET = 8.0;
				MTL_ENABLE_DEBUG_INFO = YES;
				ONLY_ACTIVE_ARCH = YES;
				PROVISIONING_PROFILE = "60528877-bfd0-49c4-8e91-fd062c3f002d";
				SDKROOT = iphoneos;
			};
			name = Debug;
		};
		D0018ACD1C0693F100DCE703 /* Release */ = {
			isa = XCBuildConfiguration;
			buildSettings = {
				ALWAYS_SEARCH_USER_PATHS = NO;
				CLANG_CXX_LANGUAGE_STANDARD = "gnu++0x";
				CLANG_CXX_LIBRARY = "libc++";
				CLANG_ENABLE_MODULES = YES;
				CLANG_ENABLE_OBJC_ARC = YES;
				CLANG_WARN_BLOCK_CAPTURE_AUTORELEASING = YES;
				CLANG_WARN_BOOL_CONVERSION = YES;
				CLANG_WARN_COMMA = YES;
				CLANG_WARN_CONSTANT_CONVERSION = YES;
				CLANG_WARN_DEPRECATED_OBJC_IMPLEMENTATIONS = YES;
				CLANG_WARN_DIRECT_OBJC_ISA_USAGE = YES_ERROR;
				CLANG_WARN_EMPTY_BODY = YES;
				CLANG_WARN_ENUM_CONVERSION = YES;
				CLANG_WARN_INFINITE_RECURSION = YES;
				CLANG_WARN_INT_CONVERSION = YES;
				CLANG_WARN_NON_LITERAL_NULL_CONVERSION = YES;
				CLANG_WARN_OBJC_IMPLICIT_RETAIN_SELF = YES;
				CLANG_WARN_OBJC_LITERAL_CONVERSION = YES;
				CLANG_WARN_OBJC_ROOT_CLASS = YES_ERROR;
				CLANG_WARN_RANGE_LOOP_ANALYSIS = YES;
				CLANG_WARN_STRICT_PROTOTYPES = YES;
				CLANG_WARN_SUSPICIOUS_MOVE = YES;
				CLANG_WARN_UNREACHABLE_CODE = YES;
				CLANG_WARN__DUPLICATE_METHOD_MATCH = YES;
				CODE_SIGN_IDENTITY = "iPhone Distribution: High-Flying Electronics Technology Co.,Ltd";
				"CODE_SIGN_IDENTITY[sdk=iphoneos*]" = "iPhone Distribution: High-Flying Electronics Technology Co.,Ltd";
				COPY_PHASE_STRIP = NO;
				DEBUG_INFORMATION_FORMAT = "dwarf-with-dsym";
				ENABLE_NS_ASSERTIONS = NO;
				ENABLE_STRICT_OBJC_MSGSEND = YES;
				GCC_C_LANGUAGE_STANDARD = gnu99;
				GCC_NO_COMMON_BLOCKS = YES;
				GCC_WARN_64_TO_32_BIT_CONVERSION = YES;
				GCC_WARN_ABOUT_RETURN_TYPE = YES_ERROR;
				GCC_WARN_UNDECLARED_SELECTOR = YES;
				GCC_WARN_UNINITIALIZED_AUTOS = YES_AGGRESSIVE;
				GCC_WARN_UNUSED_FUNCTION = YES;
				GCC_WARN_UNUSED_VARIABLE = YES;
				IPHONEOS_DEPLOYMENT_TARGET = 8.0;
				MTL_ENABLE_DEBUG_INFO = NO;
				PROVISIONING_PROFILE = "60528877-bfd0-49c4-8e91-fd062c3f002d";
				SDKROOT = iphoneos;
				VALIDATE_PRODUCT = YES;
			};
			name = Release;
		};
		D0018ACF1C0693F100DCE703 /* Debug */ = {
			isa = XCBuildConfiguration;
			buildSettings = {
				ASSETCATALOG_COMPILER_APPICON_NAME = AppIcon;
				ASSETCATALOG_COMPILER_LAUNCHIMAGE_NAME = LaunchImage;
				CODE_SIGN_IDENTITY = "iPhone Developer: Ma Jeffrey (372828C886)";
				"CODE_SIGN_IDENTITY[sdk=iphoneos*]" = "iPhone Developer: Ma Jeffrey (372828C886)";
				CODE_SIGN_STYLE = Manual;
				DEVELOPMENT_TEAM = 5S3JT4N839;
				INFOPLIST_FILE = Demo/Info.plist;
				IPHONEOS_DEPLOYMENT_TARGET = 8.0;
				LD_RUNPATH_SEARCH_PATHS = "$(inherited) @executable_path/Frameworks";
				ONLY_ACTIVE_ARCH = NO;
				PRODUCT_BUNDLE_IDENTIFIER = com.hf.smartlink7x;
				PRODUCT_NAME = Demo;
				PROVISIONING_PROFILE = "f02ebfaa-5de1-4588-88fd-e6b86e3a16dd";
				PROVISIONING_PROFILE_SPECIFIER = dev_com.hf.smartlink7x;
			};
			name = Debug;
		};
		D0018AD01C0693F100DCE703 /* Release */ = {
			isa = XCBuildConfiguration;
			buildSettings = {
				ASSETCATALOG_COMPILER_APPICON_NAME = AppIcon;
				ASSETCATALOG_COMPILER_LAUNCHIMAGE_NAME = LaunchImage;
				CODE_SIGN_IDENTITY = "iPhone Distribution: High-Flying Electronics Technology Co.,Ltd (5S3JT4N839)";
				"CODE_SIGN_IDENTITY[sdk=iphoneos*]" = "iPhone Distribution: High-Flying Electronics Technology Co.,Ltd (5S3JT4N839)";
				CODE_SIGN_STYLE = Manual;
				DEVELOPMENT_TEAM = 5S3JT4N839;
				INFOPLIST_FILE = Demo/Info.plist;
				IPHONEOS_DEPLOYMENT_TARGET = 8.0;
				LD_RUNPATH_SEARCH_PATHS = "$(inherited) @executable_path/Frameworks";
				PRODUCT_BUNDLE_IDENTIFIER = com.hf.smartlink7x;
				PRODUCT_NAME = Demo;
				PROVISIONING_PROFILE = "fbdb3a00-e399-42d2-aef6-4b4093343c2b";
				PROVISIONING_PROFILE_SPECIFIER = adhoc_com.hf.smartlink7x;
			};
			name = Release;
		};
		D0018AD21C0693F100DCE703 /* Debug */ = {
			isa = XCBuildConfiguration;
			buildSettings = {
				BUNDLE_LOADER = "$(TEST_HOST)";
				INFOPLIST_FILE = DemoTests/Info.plist;
				LD_RUNPATH_SEARCH_PATHS = "$(inherited) @executable_path/Frameworks @loader_path/Frameworks";
				PRODUCT_BUNDLE_IDENTIFIER = "High-Flying.DemoTests";
				PRODUCT_NAME = Demo;
				TEST_HOST = "$(BUILT_PRODUCTS_DIR)/Demo.app/Demo";
			};
			name = Debug;
		};
		D0018AD31C0693F100DCE703 /* Release */ = {
			isa = XCBuildConfiguration;
			buildSettings = {
				BUNDLE_LOADER = "$(TEST_HOST)";
				INFOPLIST_FILE = DemoTests/Info.plist;
				LD_RUNPATH_SEARCH_PATHS = "$(inherited) @executable_path/Frameworks @loader_path/Frameworks";
				PRODUCT_BUNDLE_IDENTIFIER = "High-Flying.DemoTests";
				PRODUCT_NAME = Demo;
				TEST_HOST = "$(BUILT_PRODUCTS_DIR)/Demo.app/Demo";
			};
			name = Release;
		};
		D0018AD51C0693F100DCE703 /* Debug */ = {
			isa = XCBuildConfiguration;
			buildSettings = {
				INFOPLIST_FILE = DemoUITests/Info.plist;
				LD_RUNPATH_SEARCH_PATHS = "$(inherited) @executable_path/Frameworks @loader_path/Frameworks";
				PRODUCT_BUNDLE_IDENTIFIER = "High-Flying.DemoUITests";
				PRODUCT_NAME = Demo;
				TEST_TARGET_NAME = Demo;
				USES_XCTRUNNER = YES;
			};
			name = Debug;
		};
		D0018AD61C0693F100DCE703 /* Release */ = {
			isa = XCBuildConfiguration;
			buildSettings = {
				INFOPLIST_FILE = DemoUITests/Info.plist;
				LD_RUNPATH_SEARCH_PATHS = "$(inherited) @executable_path/Frameworks @loader_path/Frameworks";
				PRODUCT_BUNDLE_IDENTIFIER = "High-Flying.DemoUITests";
				PRODUCT_NAME = Demo;
				TEST_TARGET_NAME = Demo;
				USES_XCTRUNNER = YES;
			};
			name = Release;
		};
/* End XCBuildConfiguration section */

/* Begin XCConfigurationList section */
		D0018A9C1C0693F100DCE703 /* Build configuration list for PBXProject "Demo" */ = {
			isa = XCConfigurationList;
			buildConfigurations = (
				D0018ACC1C0693F100DCE703 /* Debug */,
				D0018ACD1C0693F100DCE703 /* Release */,
			);
			defaultConfigurationIsVisible = 0;
			defaultConfigurationName = Release;
		};
		D0018ACE1C0693F100DCE703 /* Build configuration list for PBXNativeTarget "Demo" */ = {
			isa = XCConfigurationList;
			buildConfigurations = (
				D0018ACF1C0693F100DCE703 /* Debug */,
				D0018AD01C0693F100DCE703 /* Release */,
			);
			defaultConfigurationIsVisible = 0;
			defaultConfigurationName = Release;
		};
		D0018AD11C0693F100DCE703 /* Build configuration list for PBXNativeTarget "DemoTests" */ = {
			isa = XCConfigurationList;
			buildConfigurations = (
				D0018AD21C0693F100DCE703 /* Debug */,
				D0018AD31C0693F100DCE703 /* Release */,
			);
			defaultConfigurationIsVisible = 0;
			defaultConfigurationName = Release;
		};
		D0018AD41C0693F100DCE703 /* Build configuration list for PBXNativeTarget "DemoUITests" */ = {
			isa = XCConfigurationList;
			buildConfigurations = (
				D0018AD51C0693F100DCE703 /* Debug */,
				D0018AD61C0693F100DCE703 /* Release */,
			);
			defaultConfigurationIsVisible = 0;
			defaultConfigurationName = Release;
		};
/* End XCConfigurationList section */
	};
	rootObject = D0018A991C0693F100DCE703 /* Project object */;
}
