PODS:
  - Flutter (1.0.0)
  - flutter_plugin_smartlink (0.0.1):
    - Flutter

DEPENDENCIES:
  - Flutter (from `.symlinks/flutter/ios`)
  - flutter_plugin_smartlink (from `.symlinks/plugins/flutter_plugin_smartlink/ios`)

EXTERNAL SOURCES:
  Flutter:
    :path: ".symlinks/flutter/ios"
  flutter_plugin_smartlink:
    :path: ".symlinks/plugins/flutter_plugin_smartlink/ios"

SPEC CHECKSUMS:
  Flutter: 58dd7d1b27887414a370fcccb9e645c08ffd7a6a
  flutter_plugin_smartlink: 54d765634660c77b961f37ae15ab7835ced2a698

PODFILE CHECKSUM: 7fb83752f59ead6285236625b82473f90b1cb932

COCOAPODS: 1.7.5
